
Microsoft Visual Studio Solution File, Format Version 12.00
# Visual Studio 15
VisualStudioVersion = 15.0.28010.2036
MinimumVisualStudioVersion = 10.0.40219.1
Project("{8BC9CEB8-8B4A-11D0-8D11-00A0C91BC942}") = "2.24", "2.24\2.24.vcxproj", "{6BCD7E92-E97B-4F96-93BE-3AFB50049BDB}"
EndProject
Global
	GlobalSection(SolutionConfigurationPlatforms) = preSolution
		Debug|x64 = Debug|x64
		Debug|x86 = Debug|x86
		Release|x64 = Release|x64
		Release|x86 = Release|x86
	EndGlobalSection
	GlobalSection(ProjectConfigurationPlatforms) = postSolution
		{6BCD7E92-E97B-4F96-93BE-3AFB50049BDB}.Debug|x64.ActiveCfg = Debug|x64
		{6BCD7E92-E97B-4F96-93BE-3AFB50049BDB}.Debug|x64.Build.0 = Debug|x64
		{6BCD7E92-E97B-4F96-93BE-3AFB50049BDB}.Debug|x86.ActiveCfg = Debug|Win32
		{6BCD7E92-E97B-4F96-93BE-3AFB50049BDB}.Debug|x86.Build.0 = Debug|Win32
		{6BCD7E92-E97B-4F96-93BE-3AFB50049BDB}.Release|x64.ActiveCfg = Release|x64
		{6BCD7E92-E97B-4F96-93BE-3AFB50049BDB}.Release|x64.Build.0 = Release|x64
		{6BCD7E92-E97B-4F96-93BE-3AFB50049BDB}.Release|x86.ActiveCfg = Release|Win32
		{6BCD7E92-E97B-4F96-93BE-3AFB50049BDB}.Release|x86.Build.0 = Release|Win32
	EndGlobalSection
	GlobalSection(SolutionProperties) = preSolution
		HideSolutionNode = FALSE
	EndGlobalSection
	GlobalSection(ExtensibilityGlobals) = postSolution
		SolutionGuid = {CD8374A4-6419-4193-B7D8-77FC25B04057}
	EndGlobalSection
EndGlobal
